
Microsoft Visual Studio Solution File, Format Version 12.00
# Visual Studio Version 16
VisualStudioVersion = 16.0.30907.101
MinimumVisualStudioVersion = 10.0.40219.1
Project("{9A19103F-16F7-4668-BE54-9A1E7A4F7556}") = "Common", "Common\Common.csproj", "{017D5A86-8DC2-4521-A3CF-99C0FB39ED13}"
EndProject
Project("{9A19103F-16F7-4668-BE54-9A1E7A4F7556}") = "Api", "Api\Api.csproj", "{A4AC178A-FE78-4B40-8EA6-E38076276933}"
EndProject
Project("{9A19103F-16F7-4668-BE54-9A1E7A4F7556}") = "Web", "Web\Web.csproj", "{377C976C-5802-4BD0-B1D3-9E3EFBDABFB6}"
EndProject
Global
	GlobalSection(SolutionConfigurationPlatforms) = preSolution
		Debug|Any CPU = Debug|Any CPU
		Release|Any CPU = Release|Any CPU
	EndGlobalSection
	GlobalSection(ProjectConfigurationPlatforms) = postSolution
		{017D5A86-8DC2-4521-A3CF-99C0FB39ED13}.Debug|Any CPU.ActiveCfg = Debug|Any CPU
		{017D5A86-8DC2-4521-A3CF-99C0FB39ED13}.Debug|Any CPU.Build.0 = Debug|Any CPU
		{017D5A86-8DC2-4521-A3CF-99C0FB39ED13}.Release|Any CPU.ActiveCfg = Release|Any CPU
		{017D5A86-8DC2-4521-A3CF-99C0FB39ED13}.Release|Any CPU.Build.0 = Release|Any CPU
		{A4AC178A-FE78-4B40-8EA6-E38076276933}.Debug|Any CPU.ActiveCfg = Debug|Any CPU
		{A4AC178A-FE78-4B40-8EA6-E38076276933}.Debug|Any CPU.Build.0 = Debug|Any CPU
		{A4AC178A-FE78-4B40-8EA6-E38076276933}.Release|Any CPU.ActiveCfg = Release|Any CPU
		{A4AC178A-FE78-4B40-8EA6-E38076276933}.Release|Any CPU.Build.0 = Release|Any CPU
		{377C976C-5802-4BD0-B1D3-9E3EFBDABFB6}.Debug|Any CPU.ActiveCfg = Debug|Any CPU
		{377C976C-5802-4BD0-B1D3-9E3EFBDABFB6}.Debug|Any CPU.Build.0 = Debug|Any CPU
		{377C976C-5802-4BD0-B1D3-9E3EFBDABFB6}.Release|Any CPU.ActiveCfg = Release|Any CPU
		{377C976C-5802-4BD0-B1D3-9E3EFBDABFB6}.Release|Any CPU.Build.0 = Release|Any CPU
	EndGlobalSection
	GlobalSection(SolutionProperties) = preSolution
		HideSolutionNode = FALSE
	EndGlobalSection
	GlobalSection(ExtensibilityGlobals) = postSolution
		SolutionGuid = {6A36E5A4-E8D1-4D3C-8012-36AF4CAE3902}
	EndGlobalSection
EndGlobal
